
Microsoft Visual Studio Solution File, Format Version 12.00
# Visual Studio 2013
VisualStudioVersion = 12.0.31101.0
MinimumVisualStudioVersion = 10.0.40219.1
Project("{FAE04EC0-301F-11D3-BF4B-00C04F79EFBC}") = "SmartShoppingCart", "SmartShoppingCart\SmartShoppingCart.csproj", "{A9ECB57D-C9F4-43D1-9B69-79A5F3FCC48E}"
EndProject
Global
	GlobalSection(SolutionConfigurationPlatforms) = preSolution
		Debug|Any CPU = Debug|Any CPU
		Release|Any CPU = Release|Any CPU
	EndGlobalSection
	GlobalSection(ProjectConfigurationPlatforms) = postSolution
		{A9ECB57D-C9F4-43D1-9B69-79A5F3FCC48E}.Debug|Any CPU.ActiveCfg = Debug|Any CPU
		{A9ECB57D-C9F4-43D1-9B69-79A5F3FCC48E}.Debug|Any CPU.Build.0 = Debug|Any CPU
		{A9ECB57D-C9F4-43D1-9B69-79A5F3FCC48E}.Release|Any CPU.ActiveCfg = Release|Any CPU
		{A9ECB57D-C9F4-43D1-9B69-79A5F3FCC48E}.Release|Any CPU.Build.0 = Release|Any CPU
	EndGlobalSection
	GlobalSection(SolutionProperties) = preSolution
		HideSolutionNode = FALSE
	EndGlobalSection
EndGlobal
